
Microsoft Visual Studio Solution File, Format Version 12.00
# Visual Studio Version 17
VisualStudioVersion = 17.1.32319.34
MinimumVisualStudioVersion = 10.0.40219.1
Project("{FAE04EC0-301F-11D3-BF4B-00C04F79EFBC}") = "Movies App", "Movies App\Movies App.csproj", "{A27623BE-273B-4D44-85D9-9C6681DAE582}"
EndProject
Global
	GlobalSection(SolutionConfigurationPlatforms) = preSolution
		Debug|Any CPU = Debug|Any CPU
		Release|Any CPU = Release|Any CPU
	EndGlobalSection
	GlobalSection(ProjectConfigurationPlatforms) = postSolution
		{A27623BE-273B-4D44-85D9-9C6681DAE582}.Debug|Any CPU.ActiveCfg = Debug|Any CPU
		{A27623BE-273B-4D44-85D9-9C6681DAE582}.Debug|Any CPU.Build.0 = Debug|Any CPU
		{A27623BE-273B-4D44-85D9-9C6681DAE582}.Release|Any CPU.ActiveCfg = Release|Any CPU
		{A27623BE-273B-4D44-85D9-9C6681DAE582}.Release|Any CPU.Build.0 = Release|Any CPU
	EndGlobalSection
	GlobalSection(SolutionProperties) = preSolution
		HideSolutionNode = FALSE
	EndGlobalSection
	GlobalSection(ExtensibilityGlobals) = postSolution
		SolutionGuid = {C2E4147B-2E6F-416A-8EDB-4A982EB0C6CB}
	EndGlobalSection
EndGlobal
